
Microsoft Visual Studio Solution File, Format Version 12.00
# Visual Studio Version 17
VisualStudioVersion = 17.14.36518.9 d17.14
MinimumVisualStudioVersion = 10.0.40219.1
Project("{8BC9CEB8-8B4A-11D0-8D11-00A0C91BC942}") = "sp15_voroshilov", "sp15_voroshilov\sp15_voroshilov.vcxproj", "{C2EF01DD-64AF-408B-8AC6-6C532FE7A585}"
EndProject
Project("{8BC9CEB8-8B4A-11D0-8D11-00A0C91BC942}") = "sp15_voroshilov_client", "sp15_voroshilov_client\sp15_voroshilov_client.vcxproj", "{8780EB69-54A5-4E1B-9A8D-1E3205796983}"
EndProject
Global
	GlobalSection(SolutionConfigurationPlatforms) = preSolution
		Debug|x64 = Debug|x64
		Debug|x86 = Debug|x86
		Release|x64 = Release|x64
		Release|x86 = Release|x86
	EndGlobalSection
	GlobalSection(ProjectConfigurationPlatforms) = postSolution
		{C2EF01DD-64AF-408B-8AC6-6C532FE7A585}.Debug|x64.ActiveCfg = Debug|x64
		{C2EF01DD-64AF-408B-8AC6-6C532FE7A585}.Debug|x64.Build.0 = Debug|x64
		{C2EF01DD-64AF-408B-8AC6-6C532FE7A585}.Debug|x86.ActiveCfg = Debug|Win32
		{C2EF01DD-64AF-408B-8AC6-6C532FE7A585}.Debug|x86.Build.0 = Debug|Win32
		{C2EF01DD-64AF-408B-8AC6-6C532FE7A585}.Release|x64.ActiveCfg = Release|x64
		{C2EF01DD-64AF-408B-8AC6-6C532FE7A585}.Release|x64.Build.0 = Release|x64
		{C2EF01DD-64AF-408B-8AC6-6C532FE7A585}.Release|x86.ActiveCfg = Release|Win32
		{C2EF01DD-64AF-408B-8AC6-6C532FE7A585}.Release|x86.Build.0 = Release|Win32
		{8780EB69-54A5-4E1B-9A8D-1E3205796983}.Debug|x64.ActiveCfg = Debug|x64
		{8780EB69-54A5-4E1B-9A8D-1E3205796983}.Debug|x64.Build.0 = Debug|x64
		{8780EB69-54A5-4E1B-9A8D-1E3205796983}.Debug|x86.ActiveCfg = Debug|Win32
		{8780EB69-54A5-4E1B-9A8D-1E3205796983}.Debug|x86.Build.0 = Debug|Win32
		{8780EB69-54A5-4E1B-9A8D-1E3205796983}.Release|x64.ActiveCfg = Release|x64
		{8780EB69-54A5-4E1B-9A8D-1E3205796983}.Release|x64.Build.0 = Release|x64
		{8780EB69-54A5-4E1B-9A8D-1E3205796983}.Release|x86.ActiveCfg = Release|Win32
		{8780EB69-54A5-4E1B-9A8D-1E3205796983}.Release|x86.Build.0 = Release|Win32
	EndGlobalSection
	GlobalSection(SolutionProperties) = preSolution
		HideSolutionNode = FALSE
	EndGlobalSection
	GlobalSection(ExtensibilityGlobals) = postSolution
		SolutionGuid = {F13659E8-768A-44B9-927C-532E9AD81323}
	EndGlobalSection
EndGlobal
